
Microsoft Visual Studio Solution File, Format Version 12.00
# Visual Studio Version 17
VisualStudioVersion = 17.0.32014.148
MinimumVisualStudioVersion = 10.0.40219.1
Project("{9A19103F-16F7-4668-BE54-9A1E7A4F7556}") = "CPUScheduling Sim", "CPUScheduling Sim\CPUScheduling Sim.csproj", "{A6688BAA-0162-42A4-95BF-A32EA13DE3D8}"
EndProject
Project("{2150E333-8FDC-42A3-9474-1A3956D46DE8}") = "Solution Items", "Solution Items", "{4A7A8DA1-B454-4318-B05C-B031D1E37B69}"
	ProjectSection(SolutionItems) = preProject
		preview-1.jpg = preview-1.jpg
		README.md = README.md
	EndProjectSection
EndProject
Global
	GlobalSection(SolutionConfigurationPlatforms) = preSolution
		Debug|Any CPU = Debug|Any CPU
		Release|Any CPU = Release|Any CPU
	EndGlobalSection
	GlobalSection(ProjectConfigurationPlatforms) = postSolution
		{A6688BAA-0162-42A4-95BF-A32EA13DE3D8}.Debug|Any CPU.ActiveCfg = Debug|Any CPU
		{A6688BAA-0162-42A4-95BF-A32EA13DE3D8}.Debug|Any CPU.Build.0 = Debug|Any CPU
		{A6688BAA-0162-42A4-95BF-A32EA13DE3D8}.Release|Any CPU.ActiveCfg = Release|Any CPU
		{A6688BAA-0162-42A4-95BF-A32EA13DE3D8}.Release|Any CPU.Build.0 = Release|Any CPU
	EndGlobalSection
	GlobalSection(SolutionProperties) = preSolution
		HideSolutionNode = FALSE
	EndGlobalSection
	GlobalSection(ExtensibilityGlobals) = postSolution
		SolutionGuid = {C0AFC057-5057-463C-9968-AAF6AAEEA5F7}
	EndGlobalSection
EndGlobal
